
Microsoft Visual Studio Solution File, Format Version 11.00
# Visual Studio 2010
Project("{FAE04EC0-301F-11D3-BF4B-00C04F79EFBC}") = "Hajjon", "Assembly-CSharp.csproj", "{C01D0A7C-82C9-4C92-B82D-1AB75035A21B}"
EndProject
Project("{FAE04EC0-301F-11D3-BF4B-00C04F79EFBC}") = "Hajjon", "Assembly-CSharp-Editor.csproj", "{AE8CF1D9-8359-2644-4CCD-ED85EA9466FC}"
EndProject
Global
	GlobalSection(SolutionConfigurationPlatforms) = preSolution
		Debug|Any CPU = Debug|Any CPU
		Release|Any CPU = Release|Any CPU
	EndGlobalSection
	GlobalSection(ProjectConfigurationPlatforms) = postSolution
		{C01D0A7C-82C9-4C92-B82D-1AB75035A21B}.Debug|Any CPU.ActiveCfg = Debug|Any CPU
		{C01D0A7C-82C9-4C92-B82D-1AB75035A21B}.Debug|Any CPU.Build.0 = Debug|Any CPU
		{C01D0A7C-82C9-4C92-B82D-1AB75035A21B}.Release|Any CPU.ActiveCfg = Release|Any CPU
		{C01D0A7C-82C9-4C92-B82D-1AB75035A21B}.Release|Any CPU.Build.0 = Release|Any CPU
		{AE8CF1D9-8359-2644-4CCD-ED85EA9466FC}.Debug|Any CPU.ActiveCfg = Debug|Any CPU
		{AE8CF1D9-8359-2644-4CCD-ED85EA9466FC}.Debug|Any CPU.Build.0 = Debug|Any CPU
		{AE8CF1D9-8359-2644-4CCD-ED85EA9466FC}.Release|Any CPU.ActiveCfg = Release|Any CPU
		{AE8CF1D9-8359-2644-4CCD-ED85EA9466FC}.Release|Any CPU.Build.0 = Release|Any CPU
	EndGlobalSection
	GlobalSection(SolutionProperties) = preSolution
		HideSolutionNode = FALSE
	EndGlobalSection
	GlobalSection(MonoDevelopProperties) = preSolution
		StartupItem = Assembly-CSharp.csproj
	EndGlobalSection
EndGlobal
