
Microsoft Visual Studio Solution File, Format Version 11.00
# Visual Studio 2010
Project("{FAE04EC0-301F-11D3-BF4B-00C04F79EFBC}") = "Hajuide", "Assembly-CSharp.csproj", "{B7818842-CB0C-1E2E-488B-2F6CE52C146F}"
EndProject
Project("{FAE04EC0-301F-11D3-BF4B-00C04F79EFBC}") = "Hajuide", "Assembly-CSharp-Editor.csproj", "{D2E9C3C0-6EF5-A378-73B0-420DE1280BB1}"
EndProject
Global
	GlobalSection(SolutionConfigurationPlatforms) = preSolution
		Debug|Any CPU = Debug|Any CPU
		Release|Any CPU = Release|Any CPU
	EndGlobalSection
	GlobalSection(ProjectConfigurationPlatforms) = postSolution
		{B7818842-CB0C-1E2E-488B-2F6CE52C146F}.Debug|Any CPU.ActiveCfg = Debug|Any CPU
		{B7818842-CB0C-1E2E-488B-2F6CE52C146F}.Debug|Any CPU.Build.0 = Debug|Any CPU
		{B7818842-CB0C-1E2E-488B-2F6CE52C146F}.Release|Any CPU.ActiveCfg = Release|Any CPU
		{B7818842-CB0C-1E2E-488B-2F6CE52C146F}.Release|Any CPU.Build.0 = Release|Any CPU
		{D2E9C3C0-6EF5-A378-73B0-420DE1280BB1}.Debug|Any CPU.ActiveCfg = Debug|Any CPU
		{D2E9C3C0-6EF5-A378-73B0-420DE1280BB1}.Debug|Any CPU.Build.0 = Debug|Any CPU
		{D2E9C3C0-6EF5-A378-73B0-420DE1280BB1}.Release|Any CPU.ActiveCfg = Release|Any CPU
		{D2E9C3C0-6EF5-A378-73B0-420DE1280BB1}.Release|Any CPU.Build.0 = Release|Any CPU
	EndGlobalSection
	GlobalSection(SolutionProperties) = preSolution
		HideSolutionNode = FALSE
	EndGlobalSection
	GlobalSection(MonoDevelopProperties) = preSolution
		StartupItem = Assembly-CSharp.csproj
	EndGlobalSection
EndGlobal
